
Microsoft Visual Studio Solution File, Format Version 12.00
# Visual Studio Version 17
VisualStudioVersion = 17.11.35431.28
MinimumVisualStudioVersion = 10.0.40219.1
Project("{FAE04EC0-301F-11D3-BF4B-00C04F79EFBC}") = "DashboardService", "DashboardService.csproj", "{A22B7281-A66F-4BAC-A8BB-44EC9F35ADDB}"
EndProject
Global
	GlobalSection(SolutionConfigurationPlatforms) = preSolution
		Debug|Any CPU = Debug|Any CPU
		Release|Any CPU = Release|Any CPU
	EndGlobalSection
	GlobalSection(ProjectConfigurationPlatforms) = postSolution
		{A22B7281-A66F-4BAC-A8BB-44EC9F35ADDB}.Debug|Any CPU.ActiveCfg = Debug|Any CPU
		{A22B7281-A66F-4BAC-A8BB-44EC9F35ADDB}.Debug|Any CPU.Build.0 = Debug|Any CPU
		{A22B7281-A66F-4BAC-A8BB-44EC9F35ADDB}.Release|Any CPU.ActiveCfg = Release|Any CPU
		{A22B7281-A66F-4BAC-A8BB-44EC9F35ADDB}.Release|Any CPU.Build.0 = Release|Any CPU
	EndGlobalSection
	GlobalSection(SolutionProperties) = preSolution
		HideSolutionNode = FALSE
	EndGlobalSection
	GlobalSection(ExtensibilityGlobals) = postSolution
		SolutionGuid = {4EE4986B-0D93-4B21-8BD5-C9EDE4C78A82}
	EndGlobalSection
EndGlobal
